
Microsoft Visual Studio Solution File, Format Version 12.00
# Visual Studio Version 17
VisualStudioVersion = 17.7.34024.191
MinimumVisualStudioVersion = 10.0.40219.1
Project("{FAE04EC0-301F-11D3-BF4B-00C04F79EFBC}") = "ContactTask", "ContactTask\ContactTask.csproj", "{319933E0-C2EF-47A8-880C-DDC1E890176E}"
EndProject
Global
	GlobalSection(SolutionConfigurationPlatforms) = preSolution
		Debug|Any CPU = Debug|Any CPU
		Release|Any CPU = Release|Any CPU
	EndGlobalSection
	GlobalSection(ProjectConfigurationPlatforms) = postSolution
		{319933E0-C2EF-47A8-880C-DDC1E890176E}.Debug|Any CPU.ActiveCfg = Debug|Any CPU
		{319933E0-C2EF-47A8-880C-DDC1E890176E}.Debug|Any CPU.Build.0 = Debug|Any CPU
		{319933E0-C2EF-47A8-880C-DDC1E890176E}.Release|Any CPU.ActiveCfg = Release|Any CPU
		{319933E0-C2EF-47A8-880C-DDC1E890176E}.Release|Any CPU.Build.0 = Release|Any CPU
	EndGlobalSection
	GlobalSection(SolutionProperties) = preSolution
		HideSolutionNode = FALSE
	EndGlobalSection
	GlobalSection(ExtensibilityGlobals) = postSolution
		SolutionGuid = {C57FC2C5-B86C-4BC4-BCF4-3BEF5E6243AE}
	EndGlobalSection
EndGlobal
